
Microsoft Visual Studio Solution File, Format Version 12.00
# Visual Studio 15
VisualStudioVersion = 15.0.28307.757
MinimumVisualStudioVersion = 10.0.40219.1
Project("{FAE04EC0-301F-11D3-BF4B-00C04F79EFBC}") = "WpfCustomerPreferenceCentre", "WpfCustomerPreferenceCentre\WpfCustomerPreferenceCentre.csproj", "{D7737A84-021A-4EB0-B59E-7948DB565CD5}"
EndProject
Global
	GlobalSection(SolutionConfigurationPlatforms) = preSolution
		Debug|Any CPU = Debug|Any CPU
		Release|Any CPU = Release|Any CPU
	EndGlobalSection
	GlobalSection(ProjectConfigurationPlatforms) = postSolution
		{D7737A84-021A-4EB0-B59E-7948DB565CD5}.Debug|Any CPU.ActiveCfg = Debug|Any CPU
		{D7737A84-021A-4EB0-B59E-7948DB565CD5}.Debug|Any CPU.Build.0 = Debug|Any CPU
		{D7737A84-021A-4EB0-B59E-7948DB565CD5}.Release|Any CPU.ActiveCfg = Release|Any CPU
		{D7737A84-021A-4EB0-B59E-7948DB565CD5}.Release|Any CPU.Build.0 = Release|Any CPU
	EndGlobalSection
	GlobalSection(SolutionProperties) = preSolution
		HideSolutionNode = FALSE
	EndGlobalSection
	GlobalSection(ExtensibilityGlobals) = postSolution
		SolutionGuid = {24E941AE-83A2-4D79-A8E0-2195760F86A6}
	EndGlobalSection
EndGlobal
